# Generated by buf. DO NOT EDIT.
version: v2
deps:
  - name: buf.build/grpc-ecosystem/grpc-gateway
    commit: 4c5ba75caaf84e928b7137ae5c18c26a
    digest: b5:c113e62fb3b29289af785866cae062b55ec8ae19ab3f08f3004098928fbca657730a06810b2012951294326b95669547194fa84476b9e9b688d4f8bf77a0691d
  - name: buf.build/luthersystems/protos
    commit: 6cdbd0a2f40e45afadaee804c16bd013
    digest: b5:f48e475d6663354e00207f962613f2d2f84109cb63ad2c8ad6ae985b4e3a7cd3a56ba4869fe0a4be89fa3e1b73c195cc8250b7cf3964bab148e6f0df9bf6dff7
