# Generated by buf. DO NOT EDIT.
version: v2
deps:
  - name: buf.build/grpc-ecosystem/grpc-gateway
    commit: 4c5ba75caaf84e928b7137ae5c18c26a
    digest: b5:c113e62fb3b29289af785866cae062b55ec8ae19ab3f08f3004098928fbca657730a06810b2012951294326b95669547194fa84476b9e9b688d4f8bf77a0691d
  - name: buf.build/luthersystems/protos
    commit: 3dded736f226407e8f2f0faf4c75520d
    digest: b5:295ff55164b0bf137d9df8ab6072478bba8f2c048a0c9f434ff5e5cdb90a8f4006dc58ea974568ffe2281a957d8194df87b21dc589f7a15a8a9f07e245408d6d
